
Microsoft Visual Studio Solution File, Format Version 12.00
# Visual Studio Version 17
VisualStudioVersion = 17.3.32901.215
MinimumVisualStudioVersion = 10.0.40219.1
Project("{FAE04EC0-301F-11D3-BF4B-00C04F79EFBC}") = "hipotenüs1-1681", "hipotenüs1-1681\hipotenüs1-1681.csproj", "{DDB87638-657D-4FF9-9CEE-7B68055F265E}"
EndProject
Global
	GlobalSection(SolutionConfigurationPlatforms) = preSolution
		Debug|Any CPU = Debug|Any CPU
		Release|Any CPU = Release|Any CPU
	EndGlobalSection
	GlobalSection(ProjectConfigurationPlatforms) = postSolution
		{DDB87638-657D-4FF9-9CEE-7B68055F265E}.Debug|Any CPU.ActiveCfg = Debug|Any CPU
		{DDB87638-657D-4FF9-9CEE-7B68055F265E}.Debug|Any CPU.Build.0 = Debug|Any CPU
		{DDB87638-657D-4FF9-9CEE-7B68055F265E}.Release|Any CPU.ActiveCfg = Release|Any CPU
		{DDB87638-657D-4FF9-9CEE-7B68055F265E}.Release|Any CPU.Build.0 = Release|Any CPU
	EndGlobalSection
	GlobalSection(SolutionProperties) = preSolution
		HideSolutionNode = FALSE
	EndGlobalSection
	GlobalSection(ExtensibilityGlobals) = postSolution
		SolutionGuid = {FE65FB19-FDD1-4C2E-9557-D33391903AC4}
	EndGlobalSection
EndGlobal
